
Microsoft Visual Studio Solution File, Format Version 12.00
# Visual Studio Version 16
VisualStudioVersion = 16.0.31112.23
MinimumVisualStudioVersion = 10.0.40219.1
Project("{FAE04EC0-301F-11D3-BF4B-00C04F79EFBC}") = "Ejercicio2", "Ejercicio2\Ejercicio2.csproj", "{13FAD9FE-820F-47CD-A40D-DF50BD98920A}"
EndProject
Global
	GlobalSection(SolutionConfigurationPlatforms) = preSolution
		Debug|Any CPU = Debug|Any CPU
		Release|Any CPU = Release|Any CPU
	EndGlobalSection
	GlobalSection(ProjectConfigurationPlatforms) = postSolution
		{13FAD9FE-820F-47CD-A40D-DF50BD98920A}.Debug|Any CPU.ActiveCfg = Debug|Any CPU
		{13FAD9FE-820F-47CD-A40D-DF50BD98920A}.Debug|Any CPU.Build.0 = Debug|Any CPU
		{13FAD9FE-820F-47CD-A40D-DF50BD98920A}.Release|Any CPU.ActiveCfg = Release|Any CPU
		{13FAD9FE-820F-47CD-A40D-DF50BD98920A}.Release|Any CPU.Build.0 = Release|Any CPU
	EndGlobalSection
	GlobalSection(SolutionProperties) = preSolution
		HideSolutionNode = FALSE
	EndGlobalSection
	GlobalSection(ExtensibilityGlobals) = postSolution
		SolutionGuid = {E7997F7B-5195-4953-9BC7-84AE69A2B209}
	EndGlobalSection
EndGlobal
